<?xml version="1.0" encoding="utf-8"?>
<Project ToolsVersion="4.0" xmlns="http://schemas.microsoft.com/developer/msbuild/2003">
  <ItemGroup>
    <Filter Include="src">
      <UniqueIdentifier>{4FC737F1-C7A5-4376-A066-2A32D752A2FF}</UniqueIdentifier>
      <Extensions>cpp;c;cc;cxx;c++;cppm;ixx;def;odl;idl;hpj;bat;asm;asmx</Extensions>
    </Filter>
    <Filter Include="include">
      <UniqueIdentifier>{93995380-89BD-4b04-88EB-625FBE52EBFB}</UniqueIdentifier>
      <Extensions>h;hh;hpp;hxx;h++;hm;inl;inc;ipp;xsd</Extensions>
    </Filter>
    <Filter Include="lib">
      <UniqueIdentifier>{67DA6AB6-F800-4c08-8B7A-83BB121AAD01}</UniqueIdentifier>
      <Extensions>rc;ico;cur;bmp;dlg;rc2;rct;bin;rgs;gif;jpg;jpeg;jpe;resx;tiff;tif;png;wav;mfcribbon-ms</Extensions>
    </Filter>
    <Filter Include="include\keystone">
      <UniqueIdentifier>{4534b985-503b-4681-b6e4-de3fd39b94de}</UniqueIdentifier>
    </Filter>
  </ItemGroup>
  <ItemGroup>
    <ClCompile Include="CEAssembly\Core\CEAssemblyEngine.cpp">
      <Filter>src</Filter>
    </ClCompile>
    <ClCompile Include="CEAssembly\Core\CEScript.cpp">
      <Filter>src</Filter>
    </ClCompile>
    <ClCompile Include="CEAssembly\Core\MemoryManager.cpp">
      <Filter>src</Filter>
    </ClCompile>
    <ClCompile Include="CEAssembly\Core\PassManager.cpp">
      <Filter>src</Filter>
    </ClCompile>
    <ClCompile Include="CEAssembly\Parser\CEScriptParser.cpp">
      <Filter>src</Filter>
    </ClCompile>
    <ClCompile Include="CEAssembly\Scanner\PatternScanner.cpp">
      <Filter>src</Filter>
    </ClCompile>
    <ClCompile Include="CEAssembly\Symbol\SymbolManager.cpp">
      <Filter>src</Filter>
    </ClCompile>
    <ClCompile Include="CEAssembly\Utils\DebugHelper.cpp">
      <Filter>src</Filter>
    </ClCompile>
    <ClCompile Include="main.cpp">
      <Filter>src</Filter>
    </ClCompile>
  </ItemGroup>
  <ItemGroup>
    <ClInclude Include="include\keystone\arm.h">
      <Filter>include\keystone</Filter>
    </ClInclude>
    <ClInclude Include="include\keystone\arm64.h">
      <Filter>include\keystone</Filter>
    </ClInclude>
    <ClInclude Include="include\keystone\evm.h">
      <Filter>include\keystone</Filter>
    </ClInclude>
    <ClInclude Include="include\keystone\hexagon.h">
      <Filter>include\keystone</Filter>
    </ClInclude>
    <ClInclude Include="include\keystone\keystone.h">
      <Filter>include\keystone</Filter>
    </ClInclude>
    <ClInclude Include="include\keystone\mips.h">
      <Filter>include\keystone</Filter>
    </ClInclude>
    <ClInclude Include="include\keystone\ppc.h">
      <Filter>include\keystone</Filter>
    </ClInclude>
    <ClInclude Include="include\keystone\sparc.h">
      <Filter>include\keystone</Filter>
    </ClInclude>
    <ClInclude Include="include\keystone\systemz.h">
      <Filter>include\keystone</Filter>
    </ClInclude>
    <ClInclude Include="include\keystone\x86.h">
      <Filter>include\keystone</Filter>
    </ClInclude>
    <ClInclude Include="CEAssembly\CEAssembly.h">
      <Filter>include</Filter>
    </ClInclude>
    <ClInclude Include="CEAssembly\Core\CEAssemblyEngine.h">
      <Filter>include</Filter>
    </ClInclude>
    <ClInclude Include="CEAssembly\Core\CEScript.h">
      <Filter>include</Filter>
    </ClInclude>
    <ClInclude Include="CEAssembly\Core\MemoryManager.h">
      <Filter>include</Filter>
    </ClInclude>
    <ClInclude Include="CEAssembly\Core\PassManager.h">
      <Filter>include</Filter>
    </ClInclude>
    <ClInclude Include="CEAssembly\Parser\CEScriptParser.h">
      <Filter>include</Filter>
    </ClInclude>
    <ClInclude Include="CEAssembly\Scanner\PatternScanner.h">
      <Filter>include</Filter>
    </ClInclude>
    <ClInclude Include="CEAssembly\Symbol\SymbolManager.h">
      <Filter>include</Filter>
    </ClInclude>
    <ClInclude Include="CEAssembly\Utils\DebugHelper.h">
      <Filter>include</Filter>
    </ClInclude>
  </ItemGroup>
  <ItemGroup>
    <Library Include="lib\keystone.lib">
      <Filter>lib</Filter>
    </Library>
  </ItemGroup>
  <ItemGroup>
    <None Include="README.md" />
  </ItemGroup>
</Project>